{
  "requires": true,
  "lockfileVersion": 1,
  "dependencies": {
    "@types/collections": {
      "version": "5.0.1",
      "resolved": "https://registry.npmjs.org/@types/collections/-/collections-5.0.1.tgz",
      "integrity": "sha512-4WXczg3rywC7GmVfduL9NU+YW6t3+EHCfB0BTuIug0Babj1Vs64ZYsPrRL2N52YOd9yxilpdXEbOk5KO+aWiGw=="
    },
    "collections": {
      "version": "5.1.9",
      "resolved": "https://registry.npmjs.org/collections/-/collections-5.1.9.tgz",
      "integrity": "sha512-omsKk7VkxuYKsxKG9jdyNtqTVJXZuwLnK53lc7M7AW4cXKcEyK3F+4cfQFVOy4ivT+UWhJlvClrJI7qF2Ts6iA==",
      "requires": {
        "weak-map": "~1.0.x"
      }
    },
    "weak-map": {
      "version": "1.0.5",
      "resolved": "https://registry.npmjs.org/weak-map/-/weak-map-1.0.5.tgz",
      "integrity": "sha1-eWkVhNmGB/UHC9O3CkDmuyLkAes="
    }
  }
}
